// !$*UTF8*$!
{
	archiveVersion = 1;
	classes = {
	};
	objectVersion = 54;
	objects = {

/* Begin PBXBuildFile section */
		00E356F31AD99517003FC87E /* mywalletappTests.m in Sources */ = {isa = PBXBuildFile; fileRef = 00E356F21AD99517003FC87E /* mywalletappTests.m */; };
		069D2940463440BF80449E07 /* bell.png in Resources */ = {isa = PBXBuildFile; fileRef = C503D102375B446D9E200CA7 /* bell.png */; };
		0A80277F8DA347B6B3B9148A /* eye.png in Resources */ = {isa = PBXBuildFile; fileRef = BD7E4C08B3BE4F0B803DA210 /* eye.png */; };
		0C80B921A6F3F58F76C31292 /* libPods-mywalletapp.a in Frameworks */ = {isa = PBXBuildFile; fileRef = 5DCACB8F33CDC322A6C60F78 /* libPods-mywalletapp.a */; };
		13B07FBC1A68108700A75B9A /* AppDelegate.mm in Sources */ = {isa = PBXBuildFile; fileRef = 13B07FB01A68108700A75B9A /* AppDelegate.mm */; };
		13B07FBF1A68108700A75B9A /* Images.xcassets in Resources */ = {isa = PBXBuildFile; fileRef = 13B07FB51A68108700A75B9A /* Images.xcassets */; };
		13B07FC11A68108700A75B9A /* main.m in Sources */ = {isa = PBXBuildFile; fileRef = 13B07FB71A68108700A75B9A /* main.m */; };
		19C780DB4A754A9C8D6DF54A /* close.png in Resources */ = {isa = PBXBuildFile; fileRef = CA5F9546BE8D41098E8E0740 /* close.png */; };
		2115E260D4744EB38E9DEA9D /* Roboto-BlackItalic.ttf in Resources */ = {isa = PBXBuildFile; fileRef = 04C295DADDEB40D588D785A0 /* Roboto-BlackItalic.ttf */; };
		245B68D27F2A434E8AE90204 /* Roboto-Thin.ttf in Resources */ = {isa = PBXBuildFile; fileRef = 111F0AB07E7F4BFDAB820E12 /* Roboto-Thin.ttf */; };
		247FC1F4C9C8400AA21271C2 /* Roboto-Light.ttf in Resources */ = {isa = PBXBuildFile; fileRef = FDFB87B99FC8439EAD354FF6 /* Roboto-Light.ttf */; };
		2FBE503266E5405BB6C6AFAC /* more.png in Resources */ = {isa = PBXBuildFile; fileRef = 62FEC588747E4828A3734C24 /* more.png */; };
		4276FF9B647D44CB94425A7E /* games.png in Resources */ = {isa = PBXBuildFile; fileRef = 728859E21C4F400C9832238E /* games.png */; };
		55FBDDC65FC64DEA9DEFBEF7 /* Roboto-Medium.ttf in Resources */ = {isa = PBXBuildFile; fileRef = 5277D50317234D03846A5E0A /* Roboto-Medium.ttf */; };
		5C81F212F5314D3889B2321A /* disable.png in Resources */ = {isa = PBXBuildFile; fileRef = 9EC7F8858A65466595CD0813 /* disable.png */; };
		615E1584A9134E50A00FF7DD /* scan.png in Resources */ = {isa = PBXBuildFile; fileRef = EDEB21CAB2D64FA8A6B7F44F /* scan.png */; };
		65CD3193A9D9401AB611F799 /* promobanner.jpg in Resources */ = {isa = PBXBuildFile; fileRef = FD8C53346C7F4E16A6E36205 /* promobanner.jpg */; };
		72460C3BB2C4483E99A6683B /* Roboto-Italic.ttf in Resources */ = {isa = PBXBuildFile; fileRef = CAE79DC59FF34BE992BFBE86 /* Roboto-Italic.ttf */; };
		7699B88040F8A987B510C191 /* libPods-mywalletapp-mywalletappTests.a in Frameworks */ = {isa = PBXBuildFile; fileRef = 19F6CBCC0A4E27FBF8BF4A61 /* libPods-mywalletapp-mywalletappTests.a */; };
		7FC63E3986F44713B01D9D5B /* Roboto-Regular.ttf in Resources */ = {isa = PBXBuildFile; fileRef = CF9EAAAE80DD49A5BC146CFE /* Roboto-Regular.ttf */; };
		81AB9BB82411601600AC10FF /* LaunchScreen.storyboard in Resources */ = {isa = PBXBuildFile; fileRef = 81AB9BB72411601600AC10FF /* LaunchScreen.storyboard */; };
		8A5C87B6CE97461F8CF5D7AD /* Roboto-Black.ttf in Resources */ = {isa = PBXBuildFile; fileRef = 703F7C0EC8384993ADC395A9 /* Roboto-Black.ttf */; };
		A291545CD17C4A588586814E /* down.png in Resources */ = {isa = PBXBuildFile; fileRef = 975EB30D96534E789C6D620E /* down.png */; };
		A4E03C4BCAAC405388216AFF /* phone.png in Resources */ = {isa = PBXBuildFile; fileRef = 338EEB89A09847FD90BD2D54 /* phone.png */; };
		B108AAAAA078495C91242EF5 /* send.png in Resources */ = {isa = PBXBuildFile; fileRef = 4B788EC01F1943E9A52F54F9 /* send.png */; };
		B70C55CB3C3941A08256B085 /* wallet.png in Resources */ = {isa = PBXBuildFile; fileRef = 290851E3A5AD4DA4A3FD38FE /* wallet.png */; };
		BF3635139E6B494A988FFA58 /* Roboto-LightItalic.ttf in Resources */ = {isa = PBXBuildFile; fileRef = F3BEC024DBB841C3993D1D5F /* Roboto-LightItalic.ttf */; };
		C081A40781D74120920E0BFF /* Roboto-MediumItalic.ttf in Resources */ = {isa = PBXBuildFile; fileRef = A42956A08C3F45B1AFCCB913 /* Roboto-MediumItalic.ttf */; };
		CBB69374B42445F4B61DCD48 /* barcode.png in Resources */ = {isa = PBXBuildFile; fileRef = 44D241499D45461DB3D36245 /* barcode.png */; };
		D09748BB3BFE443FAAB40105 /* back.png in Resources */ = {isa = PBXBuildFile; fileRef = 31AE0D8F547145B3A641C226 /* back.png */; };
		D35A50BAD1334DC685920FBE /* Roboto-Bold.ttf in Resources */ = {isa = PBXBuildFile; fileRef = 21BC9C613D1848538EEDAFAC /* Roboto-Bold.ttf */; };
		DFF2F32BB5B24B6C9441F634 /* info.png in Resources */ = {isa = PBXBuildFile; fileRef = 18EEF0D694B442D097B49B3E /* info.png */; };
		E5D9E30E7AF84BBCB186AB75 /* internet.png in Resources */ = {isa = PBXBuildFile; fileRef = 52A0BD91A6804F5482AE0E27 /* internet.png */; };
		E6ED40F556584BBE9D6B075C /* steplogo.png in Resources */ = {isa = PBXBuildFile; fileRef = EF541C133F30472088934FDA /* steplogo.png */; };
		EF47A0493DE24FA3B7CDD963 /* Roboto-ThinItalic.ttf in Resources */ = {isa = PBXBuildFile; fileRef = 74F6957DA8A540C1A65302F6 /* Roboto-ThinItalic.ttf */; };
		F634ECF8C9EF4444A76141C4 /* reload.png in Resources */ = {isa = PBXBuildFile; fileRef = 78BEB0992CE14CBBBC4B1BE7 /* reload.png */; };
		F8F41E1DBF394BDFAD805EFF /* bill.png in Resources */ = {isa = PBXBuildFile; fileRef = 1F60E98C00574DF299A80982 /* bill.png */; };
		FB213039B17246BDB8F5D948 /* Roboto-BoldItalic.ttf in Resources */ = {isa = PBXBuildFile; fileRef = F3AAB65D17DE4A9DBA986009 /* Roboto-BoldItalic.ttf */; };
		FB543B83F1A74D068DEB08CC /* disable-eye.png in Resources */ = {isa = PBXBuildFile; fileRef = F2CDDD34E5D443979D53C5E1 /* disable-eye.png */; };
		FF5CF5081C7C4A258AF70BB2 /* user.png in Resources */ = {isa = PBXBuildFile; fileRef = 927D93C834614999B805597E /* user.png */; };
/* End PBXBuildFile section */

/* Begin PBXContainerItemProxy section */
		00E356F41AD99517003FC87E /* PBXContainerItemProxy */ = {
			isa = PBXContainerItemProxy;
			containerPortal = 83CBB9F71A601CBA00E9B192 /* Project object */;
			proxyType = 1;
			remoteGlobalIDString = 13B07F861A680F5B00A75B9A;
			remoteInfo = mywalletapp;
		};
/* End PBXContainerItemProxy section */

/* Begin PBXFileReference section */
		00E356EE1AD99517003FC87E /* mywalletappTests.xctest */ = {isa = PBXFileReference; explicitFileType = wrapper.cfbundle; includeInIndex = 0; path = mywalletappTests.xctest; sourceTree = BUILT_PRODUCTS_DIR; };
		00E356F11AD99517003FC87E /* Info.plist */ = {isa = PBXFileReference; lastKnownFileType = text.plist.xml; path = Info.plist; sourceTree = "<group>"; };
		00E356F21AD99517003FC87E /* mywalletappTests.m */ = {isa = PBXFileReference; lastKnownFileType = sourcecode.c.objc; path = mywalletappTests.m; sourceTree = "<group>"; };
		04C295DADDEB40D588D785A0 /* Roboto-BlackItalic.ttf */ = {isa = PBXFileReference; explicitFileType = undefined; fileEncoding = 9; includeInIndex = 0; lastKnownFileType = unknown; name = "Roboto-BlackItalic.ttf"; path = "../assets/fonts/Roboto-BlackItalic.ttf"; sourceTree = "<group>"; };
		111F0AB07E7F4BFDAB820E12 /* Roboto-Thin.ttf */ = {isa = PBXFileReference; explicitFileType = undefined; fileEncoding = 9; includeInIndex = 0; lastKnownFileType = unknown; name = "Roboto-Thin.ttf"; path = "../assets/fonts/Roboto-Thin.ttf"; sourceTree = "<group>"; };
		13B07F961A680F5B00A75B9A /* mywalletapp.app */ = {isa = PBXFileReference; explicitFileType = wrapper.application; includeInIndex = 0; path = mywalletapp.app; sourceTree = BUILT_PRODUCTS_DIR; };
		13B07FAF1A68108700A75B9A /* AppDelegate.h */ = {isa = PBXFileReference; fileEncoding = 4; lastKnownFileType = sourcecode.c.h; name = AppDelegate.h; path = mywalletapp/AppDelegate.h; sourceTree = "<group>"; };
		13B07FB01A68108700A75B9A /* AppDelegate.mm */ = {isa = PBXFileReference; fileEncoding = 4; lastKnownFileType = sourcecode.cpp.objcpp; name = AppDelegate.mm; path = mywalletapp/AppDelegate.mm; sourceTree = "<group>"; };
		13B07FB51A68108700A75B9A /* Images.xcassets */ = {isa = PBXFileReference; lastKnownFileType = folder.assetcatalog; name = Images.xcassets; path = mywalletapp/Images.xcassets; sourceTree = "<group>"; };
		13B07FB61A68108700A75B9A /* Info.plist */ = {isa = PBXFileReference; fileEncoding = 4; lastKnownFileType = text.plist.xml; name = Info.plist; path = mywalletapp/Info.plist; sourceTree = "<group>"; };
		13B07FB71A68108700A75B9A /* main.m */ = {isa = PBXFileReference; fileEncoding = 4; lastKnownFileType = sourcecode.c.objc; name = main.m; path = mywalletapp/main.m; sourceTree = "<group>"; };
		18EEF0D694B442D097B49B3E /* info.png */ = {isa = PBXFileReference; explicitFileType = undefined; fileEncoding = 9; includeInIndex = 0; lastKnownFileType = unknown; name = info.png; path = ../assets/icons/info.png; sourceTree = "<group>"; };
		19F6CBCC0A4E27FBF8BF4A61 /* libPods-mywalletapp-mywalletappTests.a */ = {isa = PBXFileReference; explicitFileType = archive.ar; includeInIndex = 0; path = "libPods-mywalletapp-mywalletappTests.a"; sourceTree = BUILT_PRODUCTS_DIR; };
		1F60E98C00574DF299A80982 /* bill.png */ = {isa = PBXFileReference; explicitFileType = undefined; fileEncoding = 9; includeInIndex = 0; lastKnownFileType = unknown; name = bill.png; path = ../assets/icons/bill.png; sourceTree = "<group>"; };
		21BC9C613D1848538EEDAFAC /* Roboto-Bold.ttf */ = {isa = PBXFileReference; explicitFileType = undefined; fileEncoding = 9; includeInIndex = 0; lastKnownFileType = unknown; name = "Roboto-Bold.ttf"; path = "../assets/fonts/Roboto-Bold.ttf"; sourceTree = "<group>"; };
		290851E3A5AD4DA4A3FD38FE /* wallet.png */ = {isa = PBXFileReference; explicitFileType = undefined; fileEncoding = 9; includeInIndex = 0; lastKnownFileType = unknown; name = wallet.png; path = ../assets/icons/wallet.png; sourceTree = "<group>"; };
		31AE0D8F547145B3A641C226 /* back.png */ = {isa = PBXFileReference; explicitFileType = undefined; fileEncoding = 9; includeInIndex = 0; lastKnownFileType = unknown; name = back.png; path = ../assets/icons/back.png; sourceTree = "<group>"; };
		338EEB89A09847FD90BD2D54 /* phone.png */ = {isa = PBXFileReference; explicitFileType = undefined; fileEncoding = 9; includeInIndex = 0; lastKnownFileType = unknown; name = phone.png; path = ../assets/icons/phone.png; sourceTree = "<group>"; };
		3B4392A12AC88292D35C810B /* Pods-mywalletapp.debug.xcconfig */ = {isa = PBXFileReference; includeInIndex = 1; lastKnownFileType = text.xcconfig; name = "Pods-mywalletapp.debug.xcconfig"; path = "Target Support Files/Pods-mywalletapp/Pods-mywalletapp.debug.xcconfig"; sourceTree = "<group>"; };
		44D241499D45461DB3D36245 /* barcode.png */ = {isa = PBXFileReference; explicitFileType = undefined; fileEncoding = 9; includeInIndex = 0; lastKnownFileType = unknown; name = barcode.png; path = ../assets/icons/barcode.png; sourceTree = "<group>"; };
		4B788EC01F1943E9A52F54F9 /* send.png */ = {isa = PBXFileReference; explicitFileType = undefined; fileEncoding = 9; includeInIndex = 0; lastKnownFileType = unknown; name = send.png; path = ../assets/icons/send.png; sourceTree = "<group>"; };
		5277D50317234D03846A5E0A /* Roboto-Medium.ttf */ = {isa = PBXFileReference; explicitFileType = undefined; fileEncoding = 9; includeInIndex = 0; lastKnownFileType = unknown; name = "Roboto-Medium.ttf"; path = "../assets/fonts/Roboto-Medium.ttf"; sourceTree = "<group>"; };
		52A0BD91A6804F5482AE0E27 /* internet.png */ = {isa = PBXFileReference; explicitFileType = undefined; fileEncoding = 9; includeInIndex = 0; lastKnownFileType = unknown; name = internet.png; path = ../assets/icons/internet.png; sourceTree = "<group>"; };
		5709B34CF0A7D63546082F79 /* Pods-mywalletapp.release.xcconfig */ = {isa = PBXFileReference; includeInIndex = 1; lastKnownFileType = text.xcconfig; name = "Pods-mywalletapp.release.xcconfig"; path = "Target Support Files/Pods-mywalletapp/Pods-mywalletapp.release.xcconfig"; sourceTree = "<group>"; };
		5B7EB9410499542E8C5724F5 /* Pods-mywalletapp-mywalletappTests.debug.xcconfig */ = {isa = PBXFileReference; includeInIndex = 1; lastKnownFileType = text.xcconfig; name = "Pods-mywalletapp-mywalletappTests.debug.xcconfig"; path = "Target Support Files/Pods-mywalletapp-mywalletappTests/Pods-mywalletapp-mywalletappTests.debug.xcconfig"; sourceTree = "<group>"; };
		5DCACB8F33CDC322A6C60F78 /* libPods-mywalletapp.a */ = {isa = PBXFileReference; explicitFileType = archive.ar; includeInIndex = 0; path = "libPods-mywalletapp.a"; sourceTree = BUILT_PRODUCTS_DIR; };
		62FEC588747E4828A3734C24 /* more.png */ = {isa = PBXFileReference; explicitFileType = undefined; fileEncoding = 9; includeInIndex = 0; lastKnownFileType = unknown; name = more.png; path = ../assets/icons/more.png; sourceTree = "<group>"; };
		703F7C0EC8384993ADC395A9 /* Roboto-Black.ttf */ = {isa = PBXFileReference; explicitFileType = undefined; fileEncoding = 9; includeInIndex = 0; lastKnownFileType = unknown; name = "Roboto-Black.ttf"; path = "../assets/fonts/Roboto-Black.ttf"; sourceTree = "<group>"; };
		728859E21C4F400C9832238E /* games.png */ = {isa = PBXFileReference; explicitFileType = undefined; fileEncoding = 9; includeInIndex = 0; lastKnownFileType = unknown; name = games.png; path = ../assets/icons/games.png; sourceTree = "<group>"; };
		74F6957DA8A540C1A65302F6 /* Roboto-ThinItalic.ttf */ = {isa = PBXFileReference; explicitFileType = undefined; fileEncoding = 9; includeInIndex = 0; lastKnownFileType = unknown; name = "Roboto-ThinItalic.ttf"; path = "../assets/fonts/Roboto-ThinItalic.ttf"; sourceTree = "<group>"; };
		78BEB0992CE14CBBBC4B1BE7 /* reload.png */ = {isa = PBXFileReference; explicitFileType = undefined; fileEncoding = 9; includeInIndex = 0; lastKnownFileType = unknown; name = reload.png; path = ../assets/icons/reload.png; sourceTree = "<group>"; };
		81AB9BB72411601600AC10FF /* LaunchScreen.storyboard */ = {isa = PBXFileReference; fileEncoding = 4; lastKnownFileType = file.storyboard; name = LaunchScreen.storyboard; path = mywalletapp/LaunchScreen.storyboard; sourceTree = "<group>"; };
		89C6BE57DB24E9ADA2F236DE /* Pods-mywalletapp-mywalletappTests.release.xcconfig */ = {isa = PBXFileReference; includeInIndex = 1; lastKnownFileType = text.xcconfig; name = "Pods-mywalletapp-mywalletappTests.release.xcconfig"; path = "Target Support Files/Pods-mywalletapp-mywalletappTests/Pods-mywalletapp-mywalletappTests.release.xcconfig"; sourceTree = "<group>"; };
		927D93C834614999B805597E /* user.png */ = {isa = PBXFileReference; explicitFileType = undefined; fileEncoding = 9; includeInIndex = 0; lastKnownFileType = unknown; name = user.png; path = ../assets/icons/user.png; sourceTree = "<group>"; };
		975EB30D96534E789C6D620E /* down.png */ = {isa = PBXFileReference; explicitFileType = undefined; fileEncoding = 9; includeInIndex = 0; lastKnownFileType = unknown; name = down.png; path = ../assets/icons/down.png; sourceTree = "<group>"; };
		9EC7F8858A65466595CD0813 /* disable.png */ = {isa = PBXFileReference; explicitFileType = undefined; fileEncoding = 9; includeInIndex = 0; lastKnownFileType = unknown; name = disable.png; path = ../assets/icons/disable.png; sourceTree = "<group>"; };
		A42956A08C3F45B1AFCCB913 /* Roboto-MediumItalic.ttf */ = {isa = PBXFileReference; explicitFileType = undefined; fileEncoding = 9; includeInIndex = 0; lastKnownFileType = unknown; name = "Roboto-MediumItalic.ttf"; path = "../assets/fonts/Roboto-MediumItalic.ttf"; sourceTree = "<group>"; };
		BD7E4C08B3BE4F0B803DA210 /* eye.png */ = {isa = PBXFileReference; explicitFileType = undefined; fileEncoding = 9; includeInIndex = 0; lastKnownFileType = unknown; name = eye.png; path = ../assets/icons/eye.png; sourceTree = "<group>"; };
		C503D102375B446D9E200CA7 /* bell.png */ = {isa = PBXFileReference; explicitFileType = undefined; fileEncoding = 9; includeInIndex = 0; lastKnownFileType = unknown; name = bell.png; path = ../assets/icons/bell.png; sourceTree = "<group>"; };
		CA5F9546BE8D41098E8E0740 /* close.png */ = {isa = PBXFileReference; explicitFileType = undefined; fileEncoding = 9; includeInIndex = 0; lastKnownFileType = unknown; name = close.png; path = ../assets/icons/close.png; sourceTree = "<group>"; };
		CAE79DC59FF34BE992BFBE86 /* Roboto-Italic.ttf */ = {isa = PBXFileReference; explicitFileType = undefined; fileEncoding = 9; includeInIndex = 0; lastKnownFileType = unknown; name = "Roboto-Italic.ttf"; path = "../assets/fonts/Roboto-Italic.ttf"; sourceTree = "<group>"; };
		CF9EAAAE80DD49A5BC146CFE /* Roboto-Regular.ttf */ = {isa = PBXFileReference; explicitFileType = undefined; fileEncoding = 9; includeInIndex = 0; lastKnownFileType = unknown; name = "Roboto-Regular.ttf"; path = "../assets/fonts/Roboto-Regular.ttf"; sourceTree = "<group>"; };
		ED297162215061F000B7C4FE /* JavaScriptCore.framework */ = {isa = PBXFileReference; lastKnownFileType = wrapper.framework; name = JavaScriptCore.framework; path = System/Library/Frameworks/JavaScriptCore.framework; sourceTree = SDKROOT; };
		EDEB21CAB2D64FA8A6B7F44F /* scan.png */ = {isa = PBXFileReference; explicitFileType = undefined; fileEncoding = 9; includeInIndex = 0; lastKnownFileType = unknown; name = scan.png; path = ../assets/icons/scan.png; sourceTree = "<group>"; };
		EF541C133F30472088934FDA /* steplogo.png */ = {isa = PBXFileReference; explicitFileType = undefined; fileEncoding = 9; includeInIndex = 0; lastKnownFileType = unknown; name = steplogo.png; path = ../assets/images/steplogo.png; sourceTree = "<group>"; };
		F2CDDD34E5D443979D53C5E1 /* disable-eye.png */ = {isa = PBXFileReference; explicitFileType = undefined; fileEncoding = 9; includeInIndex = 0; lastKnownFileType = unknown; name = "disable-eye.png"; path = "../assets/icons/disable-eye.png"; sourceTree = "<group>"; };
		F3AAB65D17DE4A9DBA986009 /* Roboto-BoldItalic.ttf */ = {isa = PBXFileReference; explicitFileType = undefined; fileEncoding = 9; includeInIndex = 0; lastKnownFileType = unknown; name = "Roboto-BoldItalic.ttf"; path = "../assets/fonts/Roboto-BoldItalic.ttf"; sourceTree = "<group>"; };
		F3BEC024DBB841C3993D1D5F /* Roboto-LightItalic.ttf */ = {isa = PBXFileReference; explicitFileType = undefined; fileEncoding = 9; includeInIndex = 0; lastKnownFileType = unknown; name = "Roboto-LightItalic.ttf"; path = "../assets/fonts/Roboto-LightItalic.ttf"; sourceTree = "<group>"; };
		FD8C53346C7F4E16A6E36205 /* promobanner.jpg */ = {isa = PBXFileReference; explicitFileType = undefined; fileEncoding = 9; includeInIndex = 0; lastKnownFileType = unknown; name = promobanner.jpg; path = ../assets/images/promobanner.jpg; sourceTree = "<group>"; };
		FDFB87B99FC8439EAD354FF6 /* Roboto-Light.ttf */ = {isa = PBXFileReference; explicitFileType = undefined; fileEncoding = 9; includeInIndex = 0; lastKnownFileType = unknown; name = "Roboto-Light.ttf"; path = "../assets/fonts/Roboto-Light.ttf"; sourceTree = "<group>"; };
/* End PBXFileReference section */

/* Begin PBXFrameworksBuildPhase section */
		00E356EB1AD99517003FC87E /* Frameworks */ = {
			isa = PBXFrameworksBuildPhase;
			buildActionMask = 2147483647;
			files = (
				7699B88040F8A987B510C191 /* libPods-mywalletapp-mywalletappTests.a in Frameworks */,
			);
			runOnlyForDeploymentPostprocessing = 0;
		};
		13B07F8C1A680F5B00A75B9A /* Frameworks */ = {
			isa = PBXFrameworksBuildPhase;
			buildActionMask = 2147483647;
			files = (
				0C80B921A6F3F58F76C31292 /* libPods-mywalletapp.a in Frameworks */,
			);
			runOnlyForDeploymentPostprocessing = 0;
		};
/* End PBXFrameworksBuildPhase section */

/* Begin PBXGroup section */
		00E356EF1AD99517003FC87E /* mywalletappTests */ = {
			isa = PBXGroup;
			children = (
				00E356F21AD99517003FC87E /* mywalletappTests.m */,
				00E356F01AD99517003FC87E /* Supporting Files */,
			);
			path = mywalletappTests;
			sourceTree = "<group>";
		};
		00E356F01AD99517003FC87E /* Supporting Files */ = {
			isa = PBXGroup;
			children = (
				00E356F11AD99517003FC87E /* Info.plist */,
			);
			name = "Supporting Files";
			sourceTree = "<group>";
		};
		13B07FAE1A68108700A75B9A /* mywalletapp */ = {
			isa = PBXGroup;
			children = (
				13B07FAF1A68108700A75B9A /* AppDelegate.h */,
				13B07FB01A68108700A75B9A /* AppDelegate.mm */,
				13B07FB51A68108700A75B9A /* Images.xcassets */,
				13B07FB61A68108700A75B9A /* Info.plist */,
				81AB9BB72411601600AC10FF /* LaunchScreen.storyboard */,
				13B07FB71A68108700A75B9A /* main.m */,
			);
			name = mywalletapp;
			sourceTree = "<group>";
		};
		2D16E6871FA4F8E400B85C8A /* Frameworks */ = {
			isa = PBXGroup;
			children = (
				ED297162215061F000B7C4FE /* JavaScriptCore.framework */,
				5DCACB8F33CDC322A6C60F78 /* libPods-mywalletapp.a */,
				19F6CBCC0A4E27FBF8BF4A61 /* libPods-mywalletapp-mywalletappTests.a */,
			);
			name = Frameworks;
			sourceTree = "<group>";
		};
		832341AE1AAA6A7D00B99B32 /* Libraries */ = {
			isa = PBXGroup;
			children = (
			);
			name = Libraries;
			sourceTree = "<group>";
		};
		83CBB9F61A601CBA00E9B192 = {
			isa = PBXGroup;
			children = (
				13B07FAE1A68108700A75B9A /* mywalletapp */,
				832341AE1AAA6A7D00B99B32 /* Libraries */,
				00E356EF1AD99517003FC87E /* mywalletappTests */,
				83CBBA001A601CBA00E9B192 /* Products */,
				2D16E6871FA4F8E400B85C8A /* Frameworks */,
				BBD78D7AC51CEA395F1C20DB /* Pods */,
				9F694558C8FA4E30816B8FFB /* Resources */,
			);
			indentWidth = 2;
			sourceTree = "<group>";
			tabWidth = 2;
			usesTabs = 0;
		};
		83CBBA001A601CBA00E9B192 /* Products */ = {
			isa = PBXGroup;
			children = (
				13B07F961A680F5B00A75B9A /* mywalletapp.app */,
				00E356EE1AD99517003FC87E /* mywalletappTests.xctest */,
			);
			name = Products;
			sourceTree = "<group>";
		};
		9F694558C8FA4E30816B8FFB /* Resources */ = {
			isa = PBXGroup;
			children = (
				703F7C0EC8384993ADC395A9 /* Roboto-Black.ttf */,
				04C295DADDEB40D588D785A0 /* Roboto-BlackItalic.ttf */,
				21BC9C613D1848538EEDAFAC /* Roboto-Bold.ttf */,
				F3AAB65D17DE4A9DBA986009 /* Roboto-BoldItalic.ttf */,
				CAE79DC59FF34BE992BFBE86 /* Roboto-Italic.ttf */,
				FDFB87B99FC8439EAD354FF6 /* Roboto-Light.ttf */,
				F3BEC024DBB841C3993D1D5F /* Roboto-LightItalic.ttf */,
				5277D50317234D03846A5E0A /* Roboto-Medium.ttf */,
				A42956A08C3F45B1AFCCB913 /* Roboto-MediumItalic.ttf */,
				CF9EAAAE80DD49A5BC146CFE /* Roboto-Regular.ttf */,
				111F0AB07E7F4BFDAB820E12 /* Roboto-Thin.ttf */,
				74F6957DA8A540C1A65302F6 /* Roboto-ThinItalic.ttf */,
				31AE0D8F547145B3A641C226 /* back.png */,
				44D241499D45461DB3D36245 /* barcode.png */,
				C503D102375B446D9E200CA7 /* bell.png */,
				1F60E98C00574DF299A80982 /* bill.png */,
				CA5F9546BE8D41098E8E0740 /* close.png */,
				F2CDDD34E5D443979D53C5E1 /* disable-eye.png */,
				9EC7F8858A65466595CD0813 /* disable.png */,
				975EB30D96534E789C6D620E /* down.png */,
				BD7E4C08B3BE4F0B803DA210 /* eye.png */,
				18EEF0D694B442D097B49B3E /* info.png */,
				52A0BD91A6804F5482AE0E27 /* internet.png */,
				338EEB89A09847FD90BD2D54 /* phone.png */,
				4B788EC01F1943E9A52F54F9 /* send.png */,
				927D93C834614999B805597E /* user.png */,
				290851E3A5AD4DA4A3FD38FE /* wallet.png */,
				728859E21C4F400C9832238E /* games.png */,
				EF541C133F30472088934FDA /* steplogo.png */,
				62FEC588747E4828A3734C24 /* more.png */,
				EDEB21CAB2D64FA8A6B7F44F /* scan.png */,
				78BEB0992CE14CBBBC4B1BE7 /* reload.png */,
				FD8C53346C7F4E16A6E36205 /* promobanner.jpg */,
			);
			name = Resources;
			sourceTree = "<group>";
		};
		BBD78D7AC51CEA395F1C20DB /* Pods */ = {
			isa = PBXGroup;
			children = (
				3B4392A12AC88292D35C810B /* Pods-mywalletapp.debug.xcconfig */,
				5709B34CF0A7D63546082F79 /* Pods-mywalletapp.release.xcconfig */,
				5B7EB9410499542E8C5724F5 /* Pods-mywalletapp-mywalletappTests.debug.xcconfig */,
				89C6BE57DB24E9ADA2F236DE /* Pods-mywalletapp-mywalletappTests.release.xcconfig */,
			);
			path = Pods;
			sourceTree = "<group>";
		};
/* End PBXGroup section */

/* Begin PBXNativeTarget section */
		00E356ED1AD99517003FC87E /* mywalletappTests */ = {
			isa = PBXNativeTarget;
			buildConfigurationList = 00E357021AD99517003FC87E /* Build configuration list for PBXNativeTarget "mywalletappTests" */;
			buildPhases = (
				A55EABD7B0C7F3A422A6CC61 /* [CP] Check Pods Manifest.lock */,
				00E356EA1AD99517003FC87E /* Sources */,
				00E356EB1AD99517003FC87E /* Frameworks */,
				00E356EC1AD99517003FC87E /* Resources */,
				C59DA0FBD6956966B86A3779 /* [CP] Embed Pods Frameworks */,
				F6A41C54EA430FDDC6A6ED99 /* [CP] Copy Pods Resources */,
			);
			buildRules = (
			);
			dependencies = (
				00E356F51AD99517003FC87E /* PBXTargetDependency */,
			);
			name = mywalletappTests;
			productName = mywalletappTests;
			productReference = 00E356EE1AD99517003FC87E /* mywalletappTests.xctest */;
			productType = "com.apple.product-type.bundle.unit-test";
		};
		13B07F861A680F5B00A75B9A /* mywalletapp */ = {
			isa = PBXNativeTarget;
			buildConfigurationList = 13B07F931A680F5B00A75B9A /* Build configuration list for PBXNativeTarget "mywalletapp" */;
			buildPhases = (
				C38B50BA6285516D6DCD4F65 /* [CP] Check Pods Manifest.lock */,
				FD10A7F022414F080027D42C /* Start Packager */,
				13B07F871A680F5B00A75B9A /* Sources */,
				13B07F8C1A680F5B00A75B9A /* Frameworks */,
				13B07F8E1A680F5B00A75B9A /* Resources */,
				00DD1BFF1BD5951E006B06BC /* Bundle React Native code and images */,
				00EEFC60759A1932668264C0 /* [CP] Embed Pods Frameworks */,
				E235C05ADACE081382539298 /* [CP] Copy Pods Resources */,
			);
			buildRules = (
			);
			dependencies = (
			);
			name = mywalletapp;
			productName = mywalletapp;
			productReference = 13B07F961A680F5B00A75B9A /* mywalletapp.app */;
			productType = "com.apple.product-type.application";
		};
/* End PBXNativeTarget section */

/* Begin PBXProject section */
		83CBB9F71A601CBA00E9B192 /* Project object */ = {
			isa = PBXProject;
			attributes = {
				LastUpgradeCheck = 1210;
				TargetAttributes = {
					00E356ED1AD99517003FC87E = {
						CreatedOnToolsVersion = 6.2;
						TestTargetID = 13B07F861A680F5B00A75B9A;
					};
					13B07F861A680F5B00A75B9A = {
						LastSwiftMigration = 1120;
					};
				};
			};
			buildConfigurationList = 83CBB9FA1A601CBA00E9B192 /* Build configuration list for PBXProject "mywalletapp" */;
			compatibilityVersion = "Xcode 12.0";
			developmentRegion = en;
			hasScannedForEncodings = 0;
			knownRegions = (
				en,
				Base,
			);
			mainGroup = 83CBB9F61A601CBA00E9B192;
			productRefGroup = 83CBBA001A601CBA00E9B192 /* Products */;
			projectDirPath = "";
			projectRoot = "";
			targets = (
				13B07F861A680F5B00A75B9A /* mywalletapp */,
				00E356ED1AD99517003FC87E /* mywalletappTests */,
			);
		};
/* End PBXProject section */

/* Begin PBXResourcesBuildPhase section */
		00E356EC1AD99517003FC87E /* Resources */ = {
			isa = PBXResourcesBuildPhase;
			buildActionMask = 2147483647;
			files = (
			);
			runOnlyForDeploymentPostprocessing = 0;
		};
		13B07F8E1A680F5B00A75B9A /* Resources */ = {
			isa = PBXResourcesBuildPhase;
			buildActionMask = 2147483647;
			files = (
				81AB9BB82411601600AC10FF /* LaunchScreen.storyboard in Resources */,
				13B07FBF1A68108700A75B9A /* Images.xcassets in Resources */,
				8A5C87B6CE97461F8CF5D7AD /* Roboto-Black.ttf in Resources */,
				2115E260D4744EB38E9DEA9D /* Roboto-BlackItalic.ttf in Resources */,
				D35A50BAD1334DC685920FBE /* Roboto-Bold.ttf in Resources */,
				FB213039B17246BDB8F5D948 /* Roboto-BoldItalic.ttf in Resources */,
				72460C3BB2C4483E99A6683B /* Roboto-Italic.ttf in Resources */,
				247FC1F4C9C8400AA21271C2 /* Roboto-Light.ttf in Resources */,
				BF3635139E6B494A988FFA58 /* Roboto-LightItalic.ttf in Resources */,
				55FBDDC65FC64DEA9DEFBEF7 /* Roboto-Medium.ttf in Resources */,
				C081A40781D74120920E0BFF /* Roboto-MediumItalic.ttf in Resources */,
				7FC63E3986F44713B01D9D5B /* Roboto-Regular.ttf in Resources */,
				245B68D27F2A434E8AE90204 /* Roboto-Thin.ttf in Resources */,
				EF47A0493DE24FA3B7CDD963 /* Roboto-ThinItalic.ttf in Resources */,
				D09748BB3BFE443FAAB40105 /* back.png in Resources */,
				CBB69374B42445F4B61DCD48 /* barcode.png in Resources */,
				069D2940463440BF80449E07 /* bell.png in Resources */,
				F8F41E1DBF394BDFAD805EFF /* bill.png in Resources */,
				19C780DB4A754A9C8D6DF54A /* close.png in Resources */,
				FB543B83F1A74D068DEB08CC /* disable-eye.png in Resources */,
				5C81F212F5314D3889B2321A /* disable.png in Resources */,
				A291545CD17C4A588586814E /* down.png in Resources */,
				0A80277F8DA347B6B3B9148A /* eye.png in Resources */,
				DFF2F32BB5B24B6C9441F634 /* info.png in Resources */,
				E5D9E30E7AF84BBCB186AB75 /* internet.png in Resources */,
				A4E03C4BCAAC405388216AFF /* phone.png in Resources */,
				B108AAAAA078495C91242EF5 /* send.png in Resources */,
				FF5CF5081C7C4A258AF70BB2 /* user.png in Resources */,
				B70C55CB3C3941A08256B085 /* wallet.png in Resources */,
				4276FF9B647D44CB94425A7E /* games.png in Resources */,
				E6ED40F556584BBE9D6B075C /* steplogo.png in Resources */,
				2FBE503266E5405BB6C6AFAC /* more.png in Resources */,
				615E1584A9134E50A00FF7DD /* scan.png in Resources */,
				F634ECF8C9EF4444A76141C4 /* reload.png in Resources */,
				65CD3193A9D9401AB611F799 /* promobanner.jpg in Resources */,
			);
			runOnlyForDeploymentPostprocessing = 0;
		};
/* End PBXResourcesBuildPhase section */

/* Begin PBXShellScriptBuildPhase section */
		00DD1BFF1BD5951E006B06BC /* Bundle React Native code and images */ = {
			isa = PBXShellScriptBuildPhase;
			buildActionMask = 2147483647;
			files = (
			);
			inputPaths = (
				"$(SRCROOT)/.xcode.env.local",
				"$(SRCROOT)/.xcode.env",
			);
			name = "Bundle React Native code and images";
			outputPaths = (
			);
			runOnlyForDeploymentPostprocessing = 0;
			shellPath = /bin/sh;
			shellScript = "set -e\n\nWITH_ENVIRONMENT=\"../node_modules/react-native/scripts/xcode/with-environment.sh\"\nREACT_NATIVE_XCODE=\"../node_modules/react-native/scripts/react-native-xcode.sh\"\n\n/bin/sh -c \"$WITH_ENVIRONMENT $REACT_NATIVE_XCODE\"\n";
		};
		00EEFC60759A1932668264C0 /* [CP] Embed Pods Frameworks */ = {
			isa = PBXShellScriptBuildPhase;
			buildActionMask = 2147483647;
			files = (
			);
			inputFileListPaths = (
				"${PODS_ROOT}/Target Support Files/Pods-mywalletapp/Pods-mywalletapp-frameworks-${CONFIGURATION}-input-files.xcfilelist",
			);
			name = "[CP] Embed Pods Frameworks";
			outputFileListPaths = (
				"${PODS_ROOT}/Target Support Files/Pods-mywalletapp/Pods-mywalletapp-frameworks-${CONFIGURATION}-output-files.xcfilelist",
			);
			runOnlyForDeploymentPostprocessing = 0;
			shellPath = /bin/sh;
			shellScript = "\"${PODS_ROOT}/Target Support Files/Pods-mywalletapp/Pods-mywalletapp-frameworks.sh\"\n";
			showEnvVarsInLog = 0;
		};
		A55EABD7B0C7F3A422A6CC61 /* [CP] Check Pods Manifest.lock */ = {
			isa = PBXShellScriptBuildPhase;
			buildActionMask = 2147483647;
			files = (
			);
			inputFileListPaths = (
			);
			inputPaths = (
				"${PODS_PODFILE_DIR_PATH}/Podfile.lock",
				"${PODS_ROOT}/Manifest.lock",
			);
			name = "[CP] Check Pods Manifest.lock";
			outputFileListPaths = (
			);
			outputPaths = (
				"$(DERIVED_FILE_DIR)/Pods-mywalletapp-mywalletappTests-checkManifestLockResult.txt",
			);
			runOnlyForDeploymentPostprocessing = 0;
			shellPath = /bin/sh;
			shellScript = "diff \"${PODS_PODFILE_DIR_PATH}/Podfile.lock\" \"${PODS_ROOT}/Manifest.lock\" > /dev/null\nif [ $? != 0 ] ; then\n    # print error to STDERR\n    echo \"error: The sandbox is not in sync with the Podfile.lock. Run 'pod install' or update your CocoaPods installation.\" >&2\n    exit 1\nfi\n# This output is used by Xcode 'outputs' to avoid re-running this script phase.\necho \"SUCCESS\" > \"${SCRIPT_OUTPUT_FILE_0}\"\n";
			showEnvVarsInLog = 0;
		};
		C38B50BA6285516D6DCD4F65 /* [CP] Check Pods Manifest.lock */ = {
			isa = PBXShellScriptBuildPhase;
			buildActionMask = 2147483647;
			files = (
			);
			inputFileListPaths = (
			);
			inputPaths = (
				"${PODS_PODFILE_DIR_PATH}/Podfile.lock",
				"${PODS_ROOT}/Manifest.lock",
			);
			name = "[CP] Check Pods Manifest.lock";
			outputFileListPaths = (
			);
			outputPaths = (
				"$(DERIVED_FILE_DIR)/Pods-mywalletapp-checkManifestLockResult.txt",
			);
			runOnlyForDeploymentPostprocessing = 0;
			shellPath = /bin/sh;
			shellScript = "diff \"${PODS_PODFILE_DIR_PATH}/Podfile.lock\" \"${PODS_ROOT}/Manifest.lock\" > /dev/null\nif [ $? != 0 ] ; then\n    # print error to STDERR\n    echo \"error: The sandbox is not in sync with the Podfile.lock. Run 'pod install' or update your CocoaPods installation.\" >&2\n    exit 1\nfi\n# This output is used by Xcode 'outputs' to avoid re-running this script phase.\necho \"SUCCESS\" > \"${SCRIPT_OUTPUT_FILE_0}\"\n";
			showEnvVarsInLog = 0;
		};
		C59DA0FBD6956966B86A3779 /* [CP] Embed Pods Frameworks */ = {
			isa = PBXShellScriptBuildPhase;
			buildActionMask = 2147483647;
			files = (
			);
			inputFileListPaths = (
				"${PODS_ROOT}/Target Support Files/Pods-mywalletapp-mywalletappTests/Pods-mywalletapp-mywalletappTests-frameworks-${CONFIGURATION}-input-files.xcfilelist",
			);
			name = "[CP] Embed Pods Frameworks";
			outputFileListPaths = (
				"${PODS_ROOT}/Target Support Files/Pods-mywalletapp-mywalletappTests/Pods-mywalletapp-mywalletappTests-frameworks-${CONFIGURATION}-output-files.xcfilelist",
			);
			runOnlyForDeploymentPostprocessing = 0;
			shellPath = /bin/sh;
			shellScript = "\"${PODS_ROOT}/Target Support Files/Pods-mywalletapp-mywalletappTests/Pods-mywalletapp-mywalletappTests-frameworks.sh\"\n";
			showEnvVarsInLog = 0;
		};
		E235C05ADACE081382539298 /* [CP] Copy Pods Resources */ = {
			isa = PBXShellScriptBuildPhase;
			buildActionMask = 2147483647;
			files = (
			);
			inputFileListPaths = (
				"${PODS_ROOT}/Target Support Files/Pods-mywalletapp/Pods-mywalletapp-resources-${CONFIGURATION}-input-files.xcfilelist",
			);
			name = "[CP] Copy Pods Resources";
			outputFileListPaths = (
				"${PODS_ROOT}/Target Support Files/Pods-mywalletapp/Pods-mywalletapp-resources-${CONFIGURATION}-output-files.xcfilelist",
			);
			runOnlyForDeploymentPostprocessing = 0;
			shellPath = /bin/sh;
			shellScript = "\"${PODS_ROOT}/Target Support Files/Pods-mywalletapp/Pods-mywalletapp-resources.sh\"\n";
			showEnvVarsInLog = 0;
		};
		F6A41C54EA430FDDC6A6ED99 /* [CP] Copy Pods Resources */ = {
			isa = PBXShellScriptBuildPhase;
			buildActionMask = 2147483647;
			files = (
			);
			inputFileListPaths = (
				"${PODS_ROOT}/Target Support Files/Pods-mywalletapp-mywalletappTests/Pods-mywalletapp-mywalletappTests-resources-${CONFIGURATION}-input-files.xcfilelist",
			);
			name = "[CP] Copy Pods Resources";
			outputFileListPaths = (
				"${PODS_ROOT}/Target Support Files/Pods-mywalletapp-mywalletappTests/Pods-mywalletapp-mywalletappTests-resources-${CONFIGURATION}-output-files.xcfilelist",
			);
			runOnlyForDeploymentPostprocessing = 0;
			shellPath = /bin/sh;
			shellScript = "\"${PODS_ROOT}/Target Support Files/Pods-mywalletapp-mywalletappTests/Pods-mywalletapp-mywalletappTests-resources.sh\"\n";
			showEnvVarsInLog = 0;
		};
		FD10A7F022414F080027D42C /* Start Packager */ = {
			isa = PBXShellScriptBuildPhase;
			buildActionMask = 2147483647;
			files = (
			);
			inputFileListPaths = (
			);
			inputPaths = (
			);
			name = "Start Packager";
			outputFileListPaths = (
			);
			outputPaths = (
			);
			runOnlyForDeploymentPostprocessing = 0;
			shellPath = /bin/sh;
			shellScript = "export RCT_METRO_PORT=\"${RCT_METRO_PORT:=8081}\"\necho \"export RCT_METRO_PORT=${RCT_METRO_PORT}\" > \"${SRCROOT}/../node_modules/react-native/scripts/.packager.env\"\nif [ -z \"${RCT_NO_LAUNCH_PACKAGER+xxx}\" ] ; then\n  if nc -w 5 -z localhost ${RCT_METRO_PORT} ; then\n    if ! curl -s \"http://localhost:${RCT_METRO_PORT}/status\" | grep -q \"packager-status:running\" ; then\n      echo \"Port ${RCT_METRO_PORT} already in use, packager is either not running or not running correctly\"\n      exit 2\n    fi\n  else\n    open \"$SRCROOT/../node_modules/react-native/scripts/launchPackager.command\" || echo \"Can't start packager automatically\"\n  fi\nfi\n";
			showEnvVarsInLog = 0;
		};
/* End PBXShellScriptBuildPhase section */

/* Begin PBXSourcesBuildPhase section */
		00E356EA1AD99517003FC87E /* Sources */ = {
			isa = PBXSourcesBuildPhase;
			buildActionMask = 2147483647;
			files = (
				00E356F31AD99517003FC87E /* mywalletappTests.m in Sources */,
			);
			runOnlyForDeploymentPostprocessing = 0;
		};
		13B07F871A680F5B00A75B9A /* Sources */ = {
			isa = PBXSourcesBuildPhase;
			buildActionMask = 2147483647;
			files = (
				13B07FBC1A68108700A75B9A /* AppDelegate.mm in Sources */,
				13B07FC11A68108700A75B9A /* main.m in Sources */,
			);
			runOnlyForDeploymentPostprocessing = 0;
		};
/* End PBXSourcesBuildPhase section */

/* Begin PBXTargetDependency section */
		00E356F51AD99517003FC87E /* PBXTargetDependency */ = {
			isa = PBXTargetDependency;
			target = 13B07F861A680F5B00A75B9A /* mywalletapp */;
			targetProxy = 00E356F41AD99517003FC87E /* PBXContainerItemProxy */;
		};
/* End PBXTargetDependency section */

/* Begin XCBuildConfiguration section */
		00E356F61AD99517003FC87E /* Debug */ = {
			isa = XCBuildConfiguration;
			baseConfigurationReference = 5B7EB9410499542E8C5724F5 /* Pods-mywalletapp-mywalletappTests.debug.xcconfig */;
			buildSettings = {
				BUNDLE_LOADER = "$(TEST_HOST)";
				GCC_PREPROCESSOR_DEFINITIONS = (
					"DEBUG=1",
					"$(inherited)",
				);
				INFOPLIST_FILE = mywalletappTests/Info.plist;
				IPHONEOS_DEPLOYMENT_TARGET = 12.4;
				LD_RUNPATH_SEARCH_PATHS = (
					"$(inherited)",
					"@executable_path/Frameworks",
					"@loader_path/Frameworks",
				);
				OTHER_LDFLAGS = (
					"-ObjC",
					"-lc++",
					"$(inherited)",
				);
				PRODUCT_BUNDLE_IDENTIFIER = "org.reactjs.native.example.$(PRODUCT_NAME:rfc1034identifier)";
				PRODUCT_NAME = "$(TARGET_NAME)";
				TEST_HOST = "$(BUILT_PRODUCTS_DIR)/mywalletapp.app/mywalletapp";
			};
			name = Debug;
		};
		00E356F71AD99517003FC87E /* Release */ = {
			isa = XCBuildConfiguration;
			baseConfigurationReference = 89C6BE57DB24E9ADA2F236DE /* Pods-mywalletapp-mywalletappTests.release.xcconfig */;
			buildSettings = {
				BUNDLE_LOADER = "$(TEST_HOST)";
				COPY_PHASE_STRIP = NO;
				INFOPLIST_FILE = mywalletappTests/Info.plist;
				IPHONEOS_DEPLOYMENT_TARGET = 12.4;
				LD_RUNPATH_SEARCH_PATHS = (
					"$(inherited)",
					"@executable_path/Frameworks",
					"@loader_path/Frameworks",
				);
				OTHER_LDFLAGS = (
					"-ObjC",
					"-lc++",
					"$(inherited)",
				);
				PRODUCT_BUNDLE_IDENTIFIER = "org.reactjs.native.example.$(PRODUCT_NAME:rfc1034identifier)";
				PRODUCT_NAME = "$(TARGET_NAME)";
				TEST_HOST = "$(BUILT_PRODUCTS_DIR)/mywalletapp.app/mywalletapp";
			};
			name = Release;
		};
		13B07F941A680F5B00A75B9A /* Debug */ = {
			isa = XCBuildConfiguration;
			baseConfigurationReference = 3B4392A12AC88292D35C810B /* Pods-mywalletapp.debug.xcconfig */;
			buildSettings = {
				ASSETCATALOG_COMPILER_APPICON_NAME = AppIcon;
				CLANG_ENABLE_MODULES = YES;
				CURRENT_PROJECT_VERSION = 1;
				ENABLE_BITCODE = NO;
				INFOPLIST_FILE = mywalletapp/Info.plist;
				LD_RUNPATH_SEARCH_PATHS = (
					"$(inherited)",
					"@executable_path/Frameworks",
				);
				OTHER_LDFLAGS = (
					"$(inherited)",
					"-ObjC",
					"-lc++",
				);
				PRODUCT_BUNDLE_IDENTIFIER = "org.reactjs.native.example.$(PRODUCT_NAME:rfc1034identifier)";
				PRODUCT_NAME = mywalletapp;
				SWIFT_OPTIMIZATION_LEVEL = "-Onone";
				SWIFT_VERSION = 5.0;
				VERSIONING_SYSTEM = "apple-generic";
			};
			name = Debug;
		};
		13B07F951A680F5B00A75B9A /* Release */ = {
			isa = XCBuildConfiguration;
			baseConfigurationReference = 5709B34CF0A7D63546082F79 /* Pods-mywalletapp.release.xcconfig */;
			buildSettings = {
				ASSETCATALOG_COMPILER_APPICON_NAME = AppIcon;
				CLANG_ENABLE_MODULES = YES;
				CURRENT_PROJECT_VERSION = 1;
				INFOPLIST_FILE = mywalletapp/Info.plist;
				LD_RUNPATH_SEARCH_PATHS = (
					"$(inherited)",
					"@executable_path/Frameworks",
				);
				OTHER_LDFLAGS = (
					"$(inherited)",
					"-ObjC",
					"-lc++",
				);
				PRODUCT_BUNDLE_IDENTIFIER = "org.reactjs.native.example.$(PRODUCT_NAME:rfc1034identifier)";
				PRODUCT_NAME = mywalletapp;
				SWIFT_VERSION = 5.0;
				VERSIONING_SYSTEM = "apple-generic";
			};
			name = Release;
		};
		83CBBA201A601CBA00E9B192 /* Debug */ = {
			isa = XCBuildConfiguration;
			buildSettings = {
				ALWAYS_SEARCH_USER_PATHS = NO;
				CLANG_ANALYZER_LOCALIZABILITY_NONLOCALIZED = YES;
				CLANG_CXX_LANGUAGE_STANDARD = "c++17";
				CLANG_CXX_LIBRARY = "libc++";
				CLANG_ENABLE_MODULES = YES;
				CLANG_ENABLE_OBJC_ARC = YES;
				CLANG_WARN_BLOCK_CAPTURE_AUTORELEASING = YES;
				CLANG_WARN_BOOL_CONVERSION = YES;
				CLANG_WARN_COMMA = YES;
				CLANG_WARN_CONSTANT_CONVERSION = YES;
				CLANG_WARN_DEPRECATED_OBJC_IMPLEMENTATIONS = YES;
				CLANG_WARN_DIRECT_OBJC_ISA_USAGE = YES_ERROR;
				CLANG_WARN_EMPTY_BODY = YES;
				CLANG_WARN_ENUM_CONVERSION = YES;
				CLANG_WARN_INFINITE_RECURSION = YES;
				CLANG_WARN_INT_CONVERSION = YES;
				CLANG_WARN_NON_LITERAL_NULL_CONVERSION = YES;
				CLANG_WARN_OBJC_IMPLICIT_RETAIN_SELF = YES;
				CLANG_WARN_OBJC_LITERAL_CONVERSION = YES;
				CLANG_WARN_OBJC_ROOT_CLASS = YES_ERROR;
				CLANG_WARN_QUOTED_INCLUDE_IN_FRAMEWORK_HEADER = YES;
				CLANG_WARN_RANGE_LOOP_ANALYSIS = YES;
				CLANG_WARN_STRICT_PROTOTYPES = YES;
				CLANG_WARN_SUSPICIOUS_MOVE = YES;
				CLANG_WARN_UNREACHABLE_CODE = YES;
				CLANG_WARN__DUPLICATE_METHOD_MATCH = YES;
				"CODE_SIGN_IDENTITY[sdk=iphoneos*]" = "iPhone Developer";
				COPY_PHASE_STRIP = NO;
				ENABLE_STRICT_OBJC_MSGSEND = YES;
				ENABLE_TESTABILITY = YES;
				"EXCLUDED_ARCHS[sdk=iphonesimulator*]" = "";
				GCC_C_LANGUAGE_STANDARD = gnu99;
				GCC_DYNAMIC_NO_PIC = NO;
				GCC_NO_COMMON_BLOCKS = YES;
				GCC_OPTIMIZATION_LEVEL = 0;
				GCC_PREPROCESSOR_DEFINITIONS = (
					"DEBUG=1",
					"$(inherited)",
				);
				GCC_SYMBOLS_PRIVATE_EXTERN = NO;
				GCC_WARN_64_TO_32_BIT_CONVERSION = YES;
				GCC_WARN_ABOUT_RETURN_TYPE = YES_ERROR;
				GCC_WARN_UNDECLARED_SELECTOR = YES;
				GCC_WARN_UNINITIALIZED_AUTOS = YES_AGGRESSIVE;
				GCC_WARN_UNUSED_FUNCTION = YES;
				GCC_WARN_UNUSED_VARIABLE = YES;
				IPHONEOS_DEPLOYMENT_TARGET = 12.4;
				LD_RUNPATH_SEARCH_PATHS = (
					/usr/lib/swift,
					"$(inherited)",
				);
				LIBRARY_SEARCH_PATHS = (
					"\"$(SDKROOT)/usr/lib/swift\"",
					"\"$(TOOLCHAIN_DIR)/usr/lib/swift/$(PLATFORM_NAME)\"",
					"\"$(inherited)\"",
				);
				MTL_ENABLE_DEBUG_INFO = YES;
				ONLY_ACTIVE_ARCH = YES;
				OTHER_CPLUSPLUSFLAGS = (
					"$(OTHER_CFLAGS)",
					"-DFOLLY_NO_CONFIG",
					"-DFOLLY_MOBILE=1",
					"-DFOLLY_USE_LIBCPP=1",
				);
				REACT_NATIVE_PATH = "${PODS_ROOT}/../../node_modules/react-native";
				SDKROOT = iphoneos;
			};
			name = Debug;
		};
		83CBBA211A601CBA00E9B192 /* Release */ = {
			isa = XCBuildConfiguration;
			buildSettings = {
				ALWAYS_SEARCH_USER_PATHS = NO;
				CLANG_ANALYZER_LOCALIZABILITY_NONLOCALIZED = YES;
				CLANG_CXX_LANGUAGE_STANDARD = "c++17";
				CLANG_CXX_LIBRARY = "libc++";
				CLANG_ENABLE_MODULES = YES;
				CLANG_ENABLE_OBJC_ARC = YES;
				CLANG_WARN_BLOCK_CAPTURE_AUTORELEASING = YES;
				CLANG_WARN_BOOL_CONVERSION = YES;
				CLANG_WARN_COMMA = YES;
				CLANG_WARN_CONSTANT_CONVERSION = YES;
				CLANG_WARN_DEPRECATED_OBJC_IMPLEMENTATIONS = YES;
				CLANG_WARN_DIRECT_OBJC_ISA_USAGE = YES_ERROR;
				CLANG_WARN_EMPTY_BODY = YES;
				CLANG_WARN_ENUM_CONVERSION = YES;
				CLANG_WARN_INFINITE_RECURSION = YES;
				CLANG_WARN_INT_CONVERSION = YES;
				CLANG_WARN_NON_LITERAL_NULL_CONVERSION = YES;
				CLANG_WARN_OBJC_IMPLICIT_RETAIN_SELF = YES;
				CLANG_WARN_OBJC_LITERAL_CONVERSION = YES;
				CLANG_WARN_OBJC_ROOT_CLASS = YES_ERROR;
				CLANG_WARN_QUOTED_INCLUDE_IN_FRAMEWORK_HEADER = YES;
				CLANG_WARN_RANGE_LOOP_ANALYSIS = YES;
				CLANG_WARN_STRICT_PROTOTYPES = YES;
				CLANG_WARN_SUSPICIOUS_MOVE = YES;
				CLANG_WARN_UNREACHABLE_CODE = YES;
				CLANG_WARN__DUPLICATE_METHOD_MATCH = YES;
				"CODE_SIGN_IDENTITY[sdk=iphoneos*]" = "iPhone Developer";
				COPY_PHASE_STRIP = YES;
				ENABLE_NS_ASSERTIONS = NO;
				ENABLE_STRICT_OBJC_MSGSEND = YES;
				"EXCLUDED_ARCHS[sdk=iphonesimulator*]" = "";
				GCC_C_LANGUAGE_STANDARD = gnu99;
				GCC_NO_COMMON_BLOCKS = YES;
				GCC_WARN_64_TO_32_BIT_CONVERSION = YES;
				GCC_WARN_ABOUT_RETURN_TYPE = YES_ERROR;
				GCC_WARN_UNDECLARED_SELECTOR = YES;
				GCC_WARN_UNINITIALIZED_AUTOS = YES_AGGRESSIVE;
				GCC_WARN_UNUSED_FUNCTION = YES;
				GCC_WARN_UNUSED_VARIABLE = YES;
				IPHONEOS_DEPLOYMENT_TARGET = 12.4;
				LD_RUNPATH_SEARCH_PATHS = (
					/usr/lib/swift,
					"$(inherited)",
				);
				LIBRARY_SEARCH_PATHS = (
					"\"$(SDKROOT)/usr/lib/swift\"",
					"\"$(TOOLCHAIN_DIR)/usr/lib/swift/$(PLATFORM_NAME)\"",
					"\"$(inherited)\"",
				);
				MTL_ENABLE_DEBUG_INFO = NO;
				OTHER_CPLUSPLUSFLAGS = (
					"$(OTHER_CFLAGS)",
					"-DFOLLY_NO_CONFIG",
					"-DFOLLY_MOBILE=1",
					"-DFOLLY_USE_LIBCPP=1",
				);
				REACT_NATIVE_PATH = "${PODS_ROOT}/../../node_modules/react-native";
				SDKROOT = iphoneos;
				VALIDATE_PRODUCT = YES;
			};
			name = Release;
		};
/* End XCBuildConfiguration section */

/* Begin XCConfigurationList section */
		00E357021AD99517003FC87E /* Build configuration list for PBXNativeTarget "mywalletappTests" */ = {
			isa = XCConfigurationList;
			buildConfigurations = (
				00E356F61AD99517003FC87E /* Debug */,
				00E356F71AD99517003FC87E /* Release */,
			);
			defaultConfigurationIsVisible = 0;
			defaultConfigurationName = Release;
		};
		13B07F931A680F5B00A75B9A /* Build configuration list for PBXNativeTarget "mywalletapp" */ = {
			isa = XCConfigurationList;
			buildConfigurations = (
				13B07F941A680F5B00A75B9A /* Debug */,
				13B07F951A680F5B00A75B9A /* Release */,
			);
			defaultConfigurationIsVisible = 0;
			defaultConfigurationName = Release;
		};
		83CBB9FA1A601CBA00E9B192 /* Build configuration list for PBXProject "mywalletapp" */ = {
			isa = XCConfigurationList;
			buildConfigurations = (
				83CBBA201A601CBA00E9B192 /* Debug */,
				83CBBA211A601CBA00E9B192 /* Release */,
			);
			defaultConfigurationIsVisible = 0;
			defaultConfigurationName = Release;
		};
/* End XCConfigurationList section */
	};
	rootObject = 83CBB9F71A601CBA00E9B192 /* Project object */;
}
